Microsoft Visual Studio Solution File, Format Version 12.00
# Visual Studio 2012
Project("{FAE04EC0-301F-11D3-BF4B-00C04F79EFBC}") = "GodotBeam", "GodotBeam.csproj", "{F6D81189-7DCF-4BF2-99FF-32C58DE70A9D}"
EndProject
Global
	GlobalSection(SolutionConfigurationPlatforms) = preSolution
	Debug|Any CPU = Debug|Any CPU
	ExportDebug|Any CPU = ExportDebug|Any CPU
	ExportRelease|Any CPU = ExportRelease|Any CPU
	EndGlobalSection
	GlobalSection(ProjectConfigurationPlatforms) = postSolution
		{F6D81189-7DCF-4BF2-99FF-32C58DE70A9D}.Debug|Any CPU.ActiveCfg = Debug|Any CPU
		{F6D81189-7DCF-4BF2-99FF-32C58DE70A9D}.Debug|Any CPU.Build.0 = Debug|Any CPU
		{F6D81189-7DCF-4BF2-99FF-32C58DE70A9D}.ExportDebug|Any CPU.ActiveCfg = ExportDebug|Any CPU
		{F6D81189-7DCF-4BF2-99FF-32C58DE70A9D}.ExportDebug|Any CPU.Build.0 = ExportDebug|Any CPU
		{F6D81189-7DCF-4BF2-99FF-32C58DE70A9D}.ExportRelease|Any CPU.ActiveCfg = ExportRelease|Any CPU
		{F6D81189-7DCF-4BF2-99FF-32C58DE70A9D}.ExportRelease|Any CPU.Build.0 = ExportRelease|Any CPU
	EndGlobalSection
EndGlobal
